// !$*UTF8*$!
{
	archiveVersion = 1;
	classes = {
	};
	objectVersion = 51;
	objects = {

/* Begin PBXBuildFile section */
		20404736249F2B060035B5A8 /* AppDelegate.swift in Sources */ = {isa = PBXBuildFile; fileRef = 20404735249F2B060035B5A8 /* AppDelegate.swift */; };
		20404738249F2B060035B5A8 /* SceneDelegate.swift in Sources */ = {isa = PBXBuildFile; fileRef = 20404737249F2B060035B5A8 /* SceneDelegate.swift */; };
		2040473A249F2B060035B5A8 /* ViewController.swift in Sources */ = {isa = PBXBuildFile; fileRef = 20404739249F2B060035B5A8 /* ViewController.swift */; };
		2040473D249F2B060035B5A8 /* Main.storyboard in Resources */ = {isa = PBXBuildFile; fileRef = 2040473B249F2B060035B5A8 /* Main.storyboard */; };
		2040473F249F2B130035B5A8 /* Assets.xcassets in Resources */ = {isa = PBXBuildFile; fileRef = 2040473E249F2B130035B5A8 /* Assets.xcassets */; };
		20404742249F2B130035B5A8 /* LaunchScreen.storyboard in Resources */ = {isa = PBXBuildFile; fileRef = 20404740249F2B130035B5A8 /* LaunchScreen.storyboard */; };
		2040474F249F39960035B5A8 /* WPNetworkModelHandler.swift in Sources */ = {isa = PBXBuildFile; fileRef = 2040474E249F39960035B5A8 /* WPNetworkModelHandler.swift */; };
		20404753249F4A370035B5A8 /* WPSearchViewController.swift in Sources */ = {isa = PBXBuildFile; fileRef = 20404752249F4A370035B5A8 /* WPSearchViewController.swift */; };
		20404755249F4B930035B5A8 /* WPForecastTableViewController.swift in Sources */ = {isa = PBXBuildFile; fileRef = 20404754249F4B930035B5A8 /* WPForecastTableViewController.swift */; };
		20404758249F4C350035B5A8 /* MMLocationManager.swift in Sources */ = {isa = PBXBuildFile; fileRef = 20404757249F4C350035B5A8 /* MMLocationManager.swift */; };
		2040475A249F5E6C0035B5A8 /* DataModel.swift in Sources */ = {isa = PBXBuildFile; fileRef = 20404759249F5E6C0035B5A8 /* DataModel.swift */; };
		396869C40B2C5927A89246B0 /* Pods_WeatherPredictor.framework in Frameworks */ = {isa = PBXBuildFile; fileRef = 0705E821D4E45BF9AE126A98 /* Pods_WeatherPredictor.framework */; };
/* End PBXBuildFile section */

/* Begin PBXFileReference section */
		0705E821D4E45BF9AE126A98 /* Pods_WeatherPredictor.framework */ = {isa = PBXFileReference; explicitFileType = wrapper.framework; includeInIndex = 0; path = Pods_WeatherPredictor.framework; sourceTree = BUILT_PRODUCTS_DIR; };
		20404732249F2B060035B5A8 /* WeatherPredictor.app */ = {isa = PBXFileReference; explicitFileType = wrapper.application; includeInIndex = 0; path = WeatherPredictor.app; sourceTree = BUILT_PRODUCTS_DIR; };
		20404735249F2B060035B5A8 /* AppDelegate.swift */ = {isa = PBXFileReference; lastKnownFileType = sourcecode.swift; path = AppDelegate.swift; sourceTree = "<group>"; };
		20404737249F2B060035B5A8 /* SceneDelegate.swift */ = {isa = PBXFileReference; lastKnownFileType = sourcecode.swift; path = SceneDelegate.swift; sourceTree = "<group>"; };
		20404739249F2B060035B5A8 /* ViewController.swift */ = {isa = PBXFileReference; lastKnownFileType = sourcecode.swift; path = ViewController.swift; sourceTree = "<group>"; };
		2040473C249F2B060035B5A8 /* Base */ = {isa = PBXFileReference; lastKnownFileType = file.storyboard; name = Base; path = Base.lproj/Main.storyboard; sourceTree = "<group>"; };
		2040473E249F2B130035B5A8 /* Assets.xcassets */ = {isa = PBXFileReference; lastKnownFileType = folder.assetcatalog; path = Assets.xcassets; sourceTree = "<group>"; };
		20404741249F2B130035B5A8 /* Base */ = {isa = PBXFileReference; lastKnownFileType = file.storyboard; name = Base; path = Base.lproj/LaunchScreen.storyboard; sourceTree = "<group>"; };
		20404743249F2B130035B5A8 /* Info.plist */ = {isa = PBXFileReference; lastKnownFileType = text.plist.xml; path = Info.plist; sourceTree = "<group>"; };
		2040474E249F39960035B5A8 /* WPNetworkModelHandler.swift */ = {isa = PBXFileReference; lastKnownFileType = sourcecode.swift; path = WPNetworkModelHandler.swift; sourceTree = "<group>"; };
		20404752249F4A370035B5A8 /* WPSearchViewController.swift */ = {isa = PBXFileReference; lastKnownFileType = sourcecode.swift; path = WPSearchViewController.swift; sourceTree = "<group>"; };
		20404754249F4B930035B5A8 /* WPForecastTableViewController.swift */ = {isa = PBXFileReference; lastKnownFileType = sourcecode.swift; path = WPForecastTableViewController.swift; sourceTree = "<group>"; };
		20404757249F4C350035B5A8 /* MMLocationManager.swift */ = {isa = PBXFileReference; lastKnownFileType = sourcecode.swift; path = MMLocationManager.swift; sourceTree = "<group>"; };
		20404759249F5E6C0035B5A8 /* DataModel.swift */ = {isa = PBXFileReference; lastKnownFileType = sourcecode.swift; path = DataModel.swift; sourceTree = "<group>"; };
		BE32F16E75AE81C5C5A4E2DB /* Pods-WeatherPredictor.debug.xcconfig */ = {isa = PBXFileReference; includeInIndex = 1; lastKnownFileType = text.xcconfig; name = "Pods-WeatherPredictor.debug.xcconfig"; path = "Target Support Files/Pods-WeatherPredictor/Pods-WeatherPredictor.debug.xcconfig"; sourceTree = "<group>"; };
		C91285DE6EFF444CF6D880B1 /* Pods-WeatherPredictor.release.xcconfig */ = {isa = PBXFileReference; includeInIndex = 1; lastKnownFileType = text.xcconfig; name = "Pods-WeatherPredictor.release.xcconfig"; path = "Target Support Files/Pods-WeatherPredictor/Pods-WeatherPredictor.release.xcconfig"; sourceTree = "<group>"; };
/* End PBXFileReference section */

/* Begin PBXFrameworksBuildPhase section */
		2040472F249F2B050035B5A8 /* Frameworks */ = {
			isa = PBXFrameworksBuildPhase;
			buildActionMask = 2147483647;
			files = (
				396869C40B2C5927A89246B0 /* Pods_WeatherPredictor.framework in Frameworks */,
			);
			runOnlyForDeploymentPostprocessing = 0;
		};
/* End PBXFrameworksBuildPhase section */

/* Begin PBXGroup section */
		20404729249F2B050035B5A8 = {
			isa = PBXGroup;
			children = (
				20404734249F2B060035B5A8 /* WeatherPredictor */,
				20404733249F2B060035B5A8 /* Products */,
				8DDE7E776631A0B1D202A897 /* Pods */,
				BEDD3C24266A1E62FC7D1D7C /* Frameworks */,
			);
			sourceTree = "<group>";
		};
		20404733249F2B060035B5A8 /* Products */ = {
			isa = PBXGroup;
			children = (
				20404732249F2B060035B5A8 /* WeatherPredictor.app */,
			);
			name = Products;
			sourceTree = "<group>";
		};
		20404734249F2B060035B5A8 /* WeatherPredictor */ = {
			isa = PBXGroup;
			children = (
				20404756249F4C1C0035B5A8 /* Utilities */,
				2040474B249F35060035B5A8 /* Controller */,
				2040474A249F35000035B5A8 /* View */,
				20404749249F34F50035B5A8 /* Model */,
				20404735249F2B060035B5A8 /* AppDelegate.swift */,
				20404737249F2B060035B5A8 /* SceneDelegate.swift */,
				20404739249F2B060035B5A8 /* ViewController.swift */,
				2040473E249F2B130035B5A8 /* Assets.xcassets */,
				20404740249F2B130035B5A8 /* LaunchScreen.storyboard */,
				20404743249F2B130035B5A8 /* Info.plist */,
			);
			path = WeatherPredictor;
			sourceTree = "<group>";
		};
		20404749249F34F50035B5A8 /* Model */ = {
			isa = PBXGroup;
			children = (
				2040474D249F39570035B5A8 /* Local */,
				2040474C249F394E0035B5A8 /* Network */,
			);
			path = Model;
			sourceTree = "<group>";
		};
		2040474A249F35000035B5A8 /* View */ = {
			isa = PBXGroup;
			children = (
				2040473B249F2B060035B5A8 /* Main.storyboard */,
			);
			path = View;
			sourceTree = "<group>";
		};
		2040474B249F35060035B5A8 /* Controller */ = {
			isa = PBXGroup;
			children = (
				20404752249F4A370035B5A8 /* WPSearchViewController.swift */,
				20404754249F4B930035B5A8 /* WPForecastTableViewController.swift */,
			);
			path = Controller;
			sourceTree = "<group>";
		};
		2040474C249F394E0035B5A8 /* Network */ = {
			isa = PBXGroup;
			children = (
				2040474E249F39960035B5A8 /* WPNetworkModelHandler.swift */,
			);
			path = Network;
			sourceTree = "<group>";
		};
		2040474D249F39570035B5A8 /* Local */ = {
			isa = PBXGroup;
			children = (
				20404759249F5E6C0035B5A8 /* DataModel.swift */,
			);
			path = Local;
			sourceTree = "<group>";
		};
		20404756249F4C1C0035B5A8 /* Utilities */ = {
			isa = PBXGroup;
			children = (
				20404757249F4C350035B5A8 /* MMLocationManager.swift */,
			);
			path = Utilities;
			sourceTree = "<group>";
		};
		8DDE7E776631A0B1D202A897 /* Pods */ = {
			isa = PBXGroup;
			children = (
				BE32F16E75AE81C5C5A4E2DB /* Pods-WeatherPredictor.debug.xcconfig */,
				C91285DE6EFF444CF6D880B1 /* Pods-WeatherPredictor.release.xcconfig */,
			);
			path = Pods;
			sourceTree = "<group>";
		};
		BEDD3C24266A1E62FC7D1D7C /* Frameworks */ = {
			isa = PBXGroup;
			children = (
				0705E821D4E45BF9AE126A98 /* Pods_WeatherPredictor.framework */,
			);
			name = Frameworks;
			sourceTree = "<group>";
		};
/* End PBXGroup section */

/* Begin PBXNativeTarget section */
		20404731249F2B050035B5A8 /* WeatherPredictor */ = {
			isa = PBXNativeTarget;
			buildConfigurationList = 20404746249F2B130035B5A8 /* Build configuration list for PBXNativeTarget "WeatherPredictor" */;
			buildPhases = (
				7EA73F8AA75ED6FE2574754C /* [CP] Check Pods Manifest.lock */,
				2040472E249F2B050035B5A8 /* Sources */,
				2040472F249F2B050035B5A8 /* Frameworks */,
				20404730249F2B050035B5A8 /* Resources */,
				04DC9A9B11A6C1DA6AEA8632 /* [CP] Embed Pods Frameworks */,
			);
			buildRules = (
			);
			dependencies = (
			);
			name = WeatherPredictor;
			productName = WeatherPredictor;
			productReference = 20404732249F2B060035B5A8 /* WeatherPredictor.app */;
			productType = "com.apple.product-type.application";
		};
/* End PBXNativeTarget section */

/* Begin PBXProject section */
		2040472A249F2B050035B5A8 /* Project object */ = {
			isa = PBXProject;
			attributes = {
				LastSwiftUpdateCheck = 1140;
				LastUpgradeCheck = 1140;
				ORGANIZATIONNAME = "Muthuraj Muthulingam";
				TargetAttributes = {
					20404731249F2B050035B5A8 = {
						CreatedOnToolsVersion = 11.4.1;
					};
				};
			};
			buildConfigurationList = 2040472D249F2B050035B5A8 /* Build configuration list for PBXProject "WeatherPredictor" */;
			compatibilityVersion = "Xcode 9.3";
			developmentRegion = en;
			hasScannedForEncodings = 0;
			knownRegions = (
				en,
				Base,
			);
			mainGroup = 20404729249F2B050035B5A8;
			productRefGroup = 20404733249F2B060035B5A8 /* Products */;
			projectDirPath = "";
			projectRoot = "";
			targets = (
				20404731249F2B050035B5A8 /* WeatherPredictor */,
			);
		};
/* End PBXProject section */

/* Begin PBXResourcesBuildPhase section */
		20404730249F2B050035B5A8 /* Resources */ = {
			isa = PBXResourcesBuildPhase;
			buildActionMask = 2147483647;
			files = (
				20404742249F2B130035B5A8 /* LaunchScreen.storyboard in Resources */,
				2040473F249F2B130035B5A8 /* Assets.xcassets in Resources */,
				2040473D249F2B060035B5A8 /* Main.storyboard in Resources */,
			);
			runOnlyForDeploymentPostprocessing = 0;
		};
/* End PBXResourcesBuildPhase section */

/* Begin PBXShellScriptBuildPhase section */
		04DC9A9B11A6C1DA6AEA8632 /* [CP] Embed Pods Frameworks */ = {
			isa = PBXShellScriptBuildPhase;
			buildActionMask = 2147483647;
			files = (
			);
			inputFileListPaths = (
				"${PODS_ROOT}/Target Support Files/Pods-WeatherPredictor/Pods-WeatherPredictor-frameworks-${CONFIGURATION}-input-files.xcfilelist",
			);
			name = "[CP] Embed Pods Frameworks";
			outputFileListPaths = (
				"${PODS_ROOT}/Target Support Files/Pods-WeatherPredictor/Pods-WeatherPredictor-frameworks-${CONFIGURATION}-output-files.xcfilelist",
			);
			runOnlyForDeploymentPostprocessing = 0;
			shellPath = /bin/sh;
			shellScript = "\"${PODS_ROOT}/Target Support Files/Pods-WeatherPredictor/Pods-WeatherPredictor-frameworks.sh\"\n";
			showEnvVarsInLog = 0;
		};
		7EA73F8AA75ED6FE2574754C /* [CP] Check Pods Manifest.lock */ = {
			isa = PBXShellScriptBuildPhase;
			buildActionMask = 2147483647;
			files = (
			);
			inputFileListPaths = (
			);
			inputPaths = (
				"${PODS_PODFILE_DIR_PATH}/Podfile.lock",
				"${PODS_ROOT}/Manifest.lock",
			);
			name = "[CP] Check Pods Manifest.lock";
			outputFileListPaths = (
			);
			outputPaths = (
				"$(DERIVED_FILE_DIR)/Pods-WeatherPredictor-checkManifestLockResult.txt",
			);
			runOnlyForDeploymentPostprocessing = 0;
			shellPath = /bin/sh;
			shellScript = "diff \"${PODS_PODFILE_DIR_PATH}/Podfile.lock\" \"${PODS_ROOT}/Manifest.lock\" > /dev/null\nif [ $? != 0 ] ; then\n    # print error to STDERR\n    echo \"error: The sandbox is not in sync with the Podfile.lock. Run 'pod install' or update your CocoaPods installation.\" >&2\n    exit 1\nfi\n# This output is used by Xcode 'outputs' to avoid re-running this script phase.\necho \"SUCCESS\" > \"${SCRIPT_OUTPUT_FILE_0}\"\n";
			showEnvVarsInLog = 0;
		};
/* End PBXShellScriptBuildPhase section */

/* Begin PBXSourcesBuildPhase section */
		2040472E249F2B050035B5A8 /* Sources */ = {
			isa = PBXSourcesBuildPhase;
			buildActionMask = 2147483647;
			files = (
				20404753249F4A370035B5A8 /* WPSearchViewController.swift in Sources */,
				2040473A249F2B060035B5A8 /* ViewController.swift in Sources */,
				20404736249F2B060035B5A8 /* AppDelegate.swift in Sources */,
				20404755249F4B930035B5A8 /* WPForecastTableViewController.swift in Sources */,
				20404758249F4C350035B5A8 /* MMLocationManager.swift in Sources */,
				2040475A249F5E6C0035B5A8 /* DataModel.swift in Sources */,
				2040474F249F39960035B5A8 /* WPNetworkModelHandler.swift in Sources */,
				20404738249F2B060035B5A8 /* SceneDelegate.swift in Sources */,
			);
			runOnlyForDeploymentPostprocessing = 0;
		};
/* End PBXSourcesBuildPhase section */

/* Begin PBXVariantGroup section */
		2040473B249F2B060035B5A8 /* Main.storyboard */ = {
			isa = PBXVariantGroup;
			children = (
				2040473C249F2B060035B5A8 /* Base */,
			);
			name = Main.storyboard;
			sourceTree = "<group>";
		};
		20404740249F2B130035B5A8 /* LaunchScreen.storyboard */ = {
			isa = PBXVariantGroup;
			children = (
				20404741249F2B130035B5A8 /* Base */,
			);
			name = LaunchScreen.storyboard;
			sourceTree = "<group>";
		};
/* End PBXVariantGroup section */

/* Begin XCBuildConfiguration section */
		20404744249F2B130035B5A8 /* Debug */ = {
			isa = XCBuildConfiguration;
			buildSettings = {
				ALWAYS_SEARCH_USER_PATHS = NO;
				CLANG_ANALYZER_NONNULL = YES;
				CLANG_ANALYZER_NUMBER_OBJECT_CONVERSION = YES_AGGRESSIVE;
				CLANG_CXX_LANGUAGE_STANDARD = "gnu++14";
				CLANG_CXX_LIBRARY = "libc++";
				CLANG_ENABLE_MODULES = YES;
				CLANG_ENABLE_OBJC_ARC = YES;
				CLANG_ENABLE_OBJC_WEAK = YES;
				CLANG_WARN_BLOCK_CAPTURE_AUTORELEASING = YES;
				CLANG_WARN_BOOL_CONVERSION = YES;
				CLANG_WARN_COMMA = YES;
				CLANG_WARN_CONSTANT_CONVERSION = YES;
				CLANG_WARN_DEPRECATED_OBJC_IMPLEMENTATIONS = YES;
				CLANG_WARN_DIRECT_OBJC_ISA_USAGE = YES_ERROR;
				CLANG_WARN_DOCUMENTATION_COMMENTS = YES;
				CLANG_WARN_EMPTY_BODY = YES;
				CLANG_WARN_ENUM_CONVERSION = YES;
				CLANG_WARN_INFINITE_RECURSION = YES;
				CLANG_WARN_INT_CONVERSION = YES;
				CLANG_WARN_NON_LITERAL_NULL_CONVERSION = YES;
				CLANG_WARN_OBJC_IMPLICIT_RETAIN_SELF = YES;
				CLANG_WARN_OBJC_LITERAL_CONVERSION = YES;
				CLANG_WARN_OBJC_ROOT_CLASS = YES_ERROR;
				CLANG_WARN_RANGE_LOOP_ANALYSIS = YES;
				CLANG_WARN_STRICT_PROTOTYPES = YES;
				CLANG_WARN_SUSPICIOUS_MOVE = YES;
				CLANG_WARN_UNGUARDED_AVAILABILITY = YES_AGGRESSIVE;
				CLANG_WARN_UNREACHABLE_CODE = YES;
				CLANG_WARN__DUPLICATE_METHOD_MATCH = YES;
				COPY_PHASE_STRIP = NO;
				DEBUG_INFORMATION_FORMAT = dwarf;
				ENABLE_STRICT_OBJC_MSGSEND = YES;
				ENABLE_TESTABILITY = YES;
				GCC_C_LANGUAGE_STANDARD = gnu11;
				GCC_DYNAMIC_NO_PIC = NO;
				GCC_NO_COMMON_BLOCKS = YES;
				GCC_OPTIMIZATION_LEVEL = 0;
				GCC_PREPROCESSOR_DEFINITIONS = (
					"DEBUG=1",
					"$(inherited)",
				);
				GCC_WARN_64_TO_32_BIT_CONVERSION = YES;
				GCC_WARN_ABOUT_RETURN_TYPE = YES_ERROR;
				GCC_WARN_UNDECLARED_SELECTOR = YES;
				GCC_WARN_UNINITIALIZED_AUTOS = YES_AGGRESSIVE;
				GCC_WARN_UNUSED_FUNCTION = YES;
				GCC_WARN_UNUSED_VARIABLE = YES;
				IPHONEOS_DEPLOYMENT_TARGET = 13.4;
				MTL_ENABLE_DEBUG_INFO = INCLUDE_SOURCE;
				MTL_FAST_MATH = YES;
				ONLY_ACTIVE_ARCH = YES;
				SDKROOT = iphoneos;
				SWIFT_ACTIVE_COMPILATION_CONDITIONS = DEBUG;
				SWIFT_OPTIMIZATION_LEVEL = "-Onone";
			};
			name = Debug;
		};
		20404745249F2B130035B5A8 /* Release */ = {
			isa = XCBuildConfiguration;
			buildSettings = {
				ALWAYS_SEARCH_USER_PATHS = NO;
				CLANG_ANALYZER_NONNULL = YES;
				CLANG_ANALYZER_NUMBER_OBJECT_CONVERSION = YES_AGGRESSIVE;
				CLANG_CXX_LANGUAGE_STANDARD = "gnu++14";
				CLANG_CXX_LIBRARY = "libc++";
				CLANG_ENABLE_MODULES = YES;
				CLANG_ENABLE_OBJC_ARC = YES;
				CLANG_ENABLE_OBJC_WEAK = YES;
				CLANG_WARN_BLOCK_CAPTURE_AUTORELEASING = YES;
				CLANG_WARN_BOOL_CONVERSION = YES;
				CLANG_WARN_COMMA = YES;
				CLANG_WARN_CONSTANT_CONVERSION = YES;
				CLANG_WARN_DEPRECATED_OBJC_IMPLEMENTATIONS = YES;
				CLANG_WARN_DIRECT_OBJC_ISA_USAGE = YES_ERROR;
				CLANG_WARN_DOCUMENTATION_COMMENTS = YES;
				CLANG_WARN_EMPTY_BODY = YES;
				CLANG_WARN_ENUM_CONVERSION = YES;
				CLANG_WARN_INFINITE_RECURSION = YES;
				CLANG_WARN_INT_CONVERSION = YES;
				CLANG_WARN_NON_LITERAL_NULL_CONVERSION = YES;
				CLANG_WARN_OBJC_IMPLICIT_RETAIN_SELF = YES;
				CLANG_WARN_OBJC_LITERAL_CONVERSION = YES;
				CLANG_WARN_OBJC_ROOT_CLASS = YES_ERROR;
				CLANG_WARN_RANGE_LOOP_ANALYSIS = YES;
				CLANG_WARN_STRICT_PROTOTYPES = YES;
				CLANG_WARN_SUSPICIOUS_MOVE = YES;
				CLANG_WARN_UNGUARDED_AVAILABILITY = YES_AGGRESSIVE;
				CLANG_WARN_UNREACHABLE_CODE = YES;
				CLANG_WARN__DUPLICATE_METHOD_MATCH = YES;
				COPY_PHASE_STRIP = NO;
				DEBUG_INFORMATION_FORMAT = "dwarf-with-dsym";
				ENABLE_NS_ASSERTIONS = NO;
				ENABLE_STRICT_OBJC_MSGSEND = YES;
				GCC_C_LANGUAGE_STANDARD = gnu11;
				GCC_NO_COMMON_BLOCKS = YES;
				GCC_WARN_64_TO_32_BIT_CONVERSION = YES;
				GCC_WARN_ABOUT_RETURN_TYPE = YES_ERROR;
				GCC_WARN_UNDECLARED_SELECTOR = YES;
				GCC_WARN_UNINITIALIZED_AUTOS = YES_AGGRESSIVE;
				GCC_WARN_UNUSED_FUNCTION = YES;
				GCC_WARN_UNUSED_VARIABLE = YES;
				IPHONEOS_DEPLOYMENT_TARGET = 13.4;
				MTL_ENABLE_DEBUG_INFO = NO;
				MTL_FAST_MATH = YES;
				SDKROOT = iphoneos;
				SWIFT_COMPILATION_MODE = wholemodule;
				SWIFT_OPTIMIZATION_LEVEL = "-O";
				VALIDATE_PRODUCT = YES;
			};
			name = Release;
		};
		20404747249F2B130035B5A8 /* Debug */ = {
			isa = XCBuildConfiguration;
			baseConfigurationReference = BE32F16E75AE81C5C5A4E2DB /* Pods-WeatherPredictor.debug.xcconfig */;
			buildSettings = {
				ASSETCATALOG_COMPILER_APPICON_NAME = AppIcon;
				CODE_SIGN_STYLE = Automatic;
				DEVELOPMENT_TEAM = R84QS3SG8Q;
				INFOPLIST_FILE = WeatherPredictor/Info.plist;
				LD_RUNPATH_SEARCH_PATHS = (
					"$(inherited)",
					"@executable_path/Frameworks",
				);
				PRODUCT_BUNDLE_IDENTIFIER = com.muthuraj.WeatherPredictor;
				PRODUCT_NAME = "$(TARGET_NAME)";
				SWIFT_VERSION = 5.0;
				TARGETED_DEVICE_FAMILY = 1;
			};
			name = Debug;
		};
		20404748249F2B130035B5A8 /* Release */ = {
			isa = XCBuildConfiguration;
			baseConfigurationReference = C91285DE6EFF444CF6D880B1 /* Pods-WeatherPredictor.release.xcconfig */;
			buildSettings = {
				ASSETCATALOG_COMPILER_APPICON_NAME = AppIcon;
				CODE_SIGN_STYLE = Automatic;
				DEVELOPMENT_TEAM = R84QS3SG8Q;
				INFOPLIST_FILE = WeatherPredictor/Info.plist;
				LD_RUNPATH_SEARCH_PATHS = (
					"$(inherited)",
					"@executable_path/Frameworks",
				);
				PRODUCT_BUNDLE_IDENTIFIER = com.muthuraj.WeatherPredictor;
				PRODUCT_NAME = "$(TARGET_NAME)";
				SWIFT_VERSION = 5.0;
				TARGETED_DEVICE_FAMILY = 1;
			};
			name = Release;
		};
/* End XCBuildConfiguration section */

/* Begin XCConfigurationList section */
		2040472D249F2B050035B5A8 /* Build configuration list for PBXProject "WeatherPredictor" */ = {
			isa = XCConfigurationList;
			buildConfigurations = (
				20404744249F2B130035B5A8 /* Debug */,
				20404745249F2B130035B5A8 /* Release */,
			);
			defaultConfigurationIsVisible = 0;
			defaultConfigurationName = Release;
		};
		20404746249F2B130035B5A8 /* Build configuration list for PBXNativeTarget "WeatherPredictor" */ = {
			isa = XCConfigurationList;
			buildConfigurations = (
				20404747249F2B130035B5A8 /* Debug */,
				20404748249F2B130035B5A8 /* Release */,
			);
			defaultConfigurationIsVisible = 0;
			defaultConfigurationName = Release;
		};
/* End XCConfigurationList section */
	};
	rootObject = 2040472A249F2B050035B5A8 /* Project object */;
}
